PODS:
  - ConsentViewController (7.6.8):
    - Down (~> 0.11.0)
  - CriteoPublisherSdk (4.4.0):
    - CriteoPublisherSdk/Sdk (= 4.4.0)
  - CriteoPublisherSdk/Sdk (4.4.0)
  - Google-Mobile-Ads-SDK (11.6.0):
    - GoogleUserMessagingPlatform (>= 1.1)
  - GoogleUserMessagingPlatform (2.4.0)
  - PrebidMobile (2.2.2):
    - PrebidMobile/core (= 2.2.2)
  - PrebidMobile/core (2.2.2)
  - PromiseKit (8.1.1):
    - PromiseKit/CorePromise (= 8.1.1)
    - PromiseKit/Foundation (= 8.1.1)
    - PromiseKit/UIKit (= 8.1.1)
  - PromiseKit/CorePromise (8.1.1)
  - PromiseKit/Foundation (8.1.1):
    - PromiseKit/CorePromise
  - PromiseKit/UIKit (8.1.1):
    - PromiseKit/CorePromise
  - YieldloveAdIntegration (9.6.0):
    - ConsentViewController (= 7.6.8)
    - CriteoPublisherSdk (~> 4.4.0)
    - Google-Mobile-Ads-SDK
    - PrebidMobile (= 2.2.2)
    - PromiseKit (~> 8)
    - YieldloveExternalConfiguration (= 0.20.0)
  - YieldloveExternalConfiguration (0.20.0):
    - PromiseKit (~> 8)

DEPENDENCIES:
  - YieldloveAdIntegration
  - YieldloveExternalConfiguration

SPEC REPOS:
  trunk:
    - ConsentViewController
    - CriteoPublisherSdk
    - Google-Mobile-Ads-SDK
    - GoogleUserMessagingPlatform
    - PrebidMobile
    - PromiseKit
    - YieldloveAdIntegration
    - YieldloveExternalConfiguration

SPEC CHECKSUMS:
  ConsentViewController: b132e5d3438c6c135a6faef8ed8cada5a75c4d8e
  CriteoPublisherSdk: f789cccc222f1a9f6f5feec6af6f12da5d4c225a
  Google-Mobile-Ads-SDK: 28339250757645a9bab066ebbe667fa48d2c9bd7
  GoogleUserMessagingPlatform: f131fa7978d2ba88d7426702b057c2cc318e6595
  PrebidMobile: 4f1dde2ef33ff8ad089c233d715630ba68c8b475
  PromiseKit: d1be44b474e5acfa16adf007a1f49f104e10fead
  YieldloveAdIntegration: 21fc2223e15cbe625a8290abd1aa71dd7b08c056
  YieldloveExternalConfiguration: ed50f4726b58f3b46c121c1de984909bfa817bf6

PODFILE CHECKSUM: 522992e3b7a2e5c96ab4066ee7d7285b5b2ab49b

COCOAPODS: 1.15.2
