// !$*UTF8*$!
{
	archiveVersion = 1;
	classes = {
	};
	objectVersion = 55;
	objects = {

/* Begin PBXBuildFile section */
		110CCB222869EA7800183F99 /* PromiseKit.xcframework in Frameworks */ = {isa = PBXBuildFile; fileRef = 110CCB1E2869EA7800183F99 /* PromiseKit.xcframework */; };
		110CCB232869EA7800183F99 /* PromiseKit.xcframework in Embed Frameworks */ = {isa = PBXBuildFile; fileRef = 110CCB1E2869EA7800183F99 /* PromiseKit.xcframework */; settings = {ATTRIBUTES = (CodeSignOnCopy, RemoveHeadersOnCopy, ); }; };
		110CCB242869EA7800183F99 /* YieldloveAdIntegration.xcframework in Frameworks */ = {isa = PBXBuildFile; fileRef = 110CCB1F2869EA7800183F99 /* YieldloveAdIntegration.xcframework */; };
		110CCB252869EA7800183F99 /* YieldloveAdIntegration.xcframework in Embed Frameworks */ = {isa = PBXBuildFile; fileRef = 110CCB1F2869EA7800183F99 /* YieldloveAdIntegration.xcframework */; settings = {ATTRIBUTES = (CodeSignOnCopy, RemoveHeadersOnCopy, ); }; };
		110CCB262869EA7800183F99 /* PrebidMobile.xcframework in Frameworks */ = {isa = PBXBuildFile; fileRef = 110CCB202869EA7800183F99 /* PrebidMobile.xcframework */; };
		110CCB272869EA7800183F99 /* PrebidMobile.xcframework in Embed Frameworks */ = {isa = PBXBuildFile; fileRef = 110CCB202869EA7800183F99 /* PrebidMobile.xcframework */; settings = {ATTRIBUTES = (CodeSignOnCopy, RemoveHeadersOnCopy, ); }; };
		110CCB282869EA7800183F99 /* YieldloveExternalConfiguration.xcframework in Frameworks */ = {isa = PBXBuildFile; fileRef = 110CCB212869EA7800183F99 /* YieldloveExternalConfiguration.xcframework */; };
		110CCB292869EA7800183F99 /* YieldloveExternalConfiguration.xcframework in Embed Frameworks */ = {isa = PBXBuildFile; fileRef = 110CCB212869EA7800183F99 /* YieldloveExternalConfiguration.xcframework */; settings = {ATTRIBUTES = (CodeSignOnCopy, RemoveHeadersOnCopy, ); }; };
		110CCB2D2869EAAF00183F99 /* CriteoPublisherSdk.xcframework in Frameworks */ = {isa = PBXBuildFile; fileRef = 110CCB2B2869EAAF00183F99 /* CriteoPublisherSdk.xcframework */; };
		110CCB2F2869EAAF00183F99 /* GoogleMobileAds.xcframework in Frameworks */ = {isa = PBXBuildFile; fileRef = 110CCB2C2869EAAF00183F99 /* GoogleMobileAds.xcframework */; };
		110ED4C82869DC6F001A2F51 /* AppDelegate.swift in Sources */ = {isa = PBXBuildFile; fileRef = 110ED4C72869DC6F001A2F51 /* AppDelegate.swift */; };
		110ED4CA2869DC6F001A2F51 /* SceneDelegate.swift in Sources */ = {isa = PBXBuildFile; fileRef = 110ED4C92869DC6F001A2F51 /* SceneDelegate.swift */; };
		110ED4CC2869DC6F001A2F51 /* ViewController.swift in Sources */ = {isa = PBXBuildFile; fileRef = 110ED4CB2869DC6F001A2F51 /* ViewController.swift */; };
		110ED4CF2869DC6F001A2F51 /* Main.storyboard in Resources */ = {isa = PBXBuildFile; fileRef = 110ED4CD2869DC6F001A2F51 /* Main.storyboard */; };
		110ED4D42869DC71001A2F51 /* LaunchScreen.storyboard in Resources */ = {isa = PBXBuildFile; fileRef = 110ED4D22869DC71001A2F51 /* LaunchScreen.storyboard */; };
/* End PBXBuildFile section */

/* Begin PBXCopyFilesBuildPhase section */
		110CCB2A2869EA7800183F99 /* Embed Frameworks */ = {
			isa = PBXCopyFilesBuildPhase;
			buildActionMask = 2147483647;
			dstPath = "";
			dstSubfolderSpec = 10;
			files = (
				110CCB272869EA7800183F99 /* PrebidMobile.xcframework in Embed Frameworks */,
				110CCB292869EA7800183F99 /* YieldloveExternalConfiguration.xcframework in Embed Frameworks */,
				110CCB232869EA7800183F99 /* PromiseKit.xcframework in Embed Frameworks */,
				110CCB252869EA7800183F99 /* YieldloveAdIntegration.xcframework in Embed Frameworks */,
			);
			name = "Embed Frameworks";
			runOnlyForDeploymentPostprocessing = 0;
		};
/* End PBXCopyFilesBuildPhase section */

/* Begin PBXFileReference section */
		110CCB1E2869EA7800183F99 /* PromiseKit.xcframework */ = {isa = PBXFileReference; lastKnownFileType = wrapper.xcframework; name = PromiseKit.xcframework; path = Dependencies/PromiseKit.xcframework; sourceTree = "<group>"; };
		110CCB1F2869EA7800183F99 /* YieldloveAdIntegration.xcframework */ = {isa = PBXFileReference; lastKnownFileType = wrapper.xcframework; name = YieldloveAdIntegration.xcframework; path = Dependencies/YieldloveAdIntegration.xcframework; sourceTree = "<group>"; };
		110CCB202869EA7800183F99 /* PrebidMobile.xcframework */ = {isa = PBXFileReference; lastKnownFileType = wrapper.xcframework; name = PrebidMobile.xcframework; path = Dependencies/PrebidMobile.xcframework; sourceTree = "<group>"; };
		110CCB212869EA7800183F99 /* YieldloveExternalConfiguration.xcframework */ = {isa = PBXFileReference; lastKnownFileType = wrapper.xcframework; name = YieldloveExternalConfiguration.xcframework; path = Dependencies/YieldloveExternalConfiguration.xcframework; sourceTree = "<group>"; };
		110CCB2B2869EAAF00183F99 /* CriteoPublisherSdk.xcframework */ = {isa = PBXFileReference; lastKnownFileType = wrapper.xcframework; name = CriteoPublisherSdk.xcframework; path = Dependencies/CriteoPublisherSdk.xcframework; sourceTree = "<group>"; };
		110CCB2C2869EAAF00183F99 /* GoogleMobileAds.xcframework */ = {isa = PBXFileReference; lastKnownFileType = wrapper.xcframework; name = GoogleMobileAds.xcframework; path = Dependencies/GoogleMobileAds.xcframework; sourceTree = "<group>"; };
		110ED4C42869DC6F001A2F51 /* IntegrationExample.app */ = {isa = PBXFileReference; explicitFileType = wrapper.application; includeInIndex = 0; path = IntegrationExample.app; sourceTree = BUILT_PRODUCTS_DIR; };
		110ED4C72869DC6F001A2F51 /* AppDelegate.swift */ = {isa = PBXFileReference; lastKnownFileType = sourcecode.swift; path = AppDelegate.swift; sourceTree = "<group>"; };
		110ED4C92869DC6F001A2F51 /* SceneDelegate.swift */ = {isa = PBXFileReference; lastKnownFileType = sourcecode.swift; path = SceneDelegate.swift; sourceTree = "<group>"; };
		110ED4CB2869DC6F001A2F51 /* ViewController.swift */ = {isa = PBXFileReference; lastKnownFileType = sourcecode.swift; path = ViewController.swift; sourceTree = "<group>"; };
		110ED4CE2869DC6F001A2F51 /* Base */ = {isa = PBXFileReference; lastKnownFileType = file.storyboard; name = Base; path = Base.lproj/Main.storyboard; sourceTree = "<group>"; };
		110ED4D32869DC71001A2F51 /* Base */ = {isa = PBXFileReference; lastKnownFileType = file.storyboard; name = Base; path = Base.lproj/LaunchScreen.storyboard; sourceTree = "<group>"; };
		110ED4D52869DC71001A2F51 /* Info.plist */ = {isa = PBXFileReference; lastKnownFileType = text.plist.xml; path = Info.plist; sourceTree = "<group>"; };
/* End PBXFileReference section */

/* Begin PBXFrameworksBuildPhase section */
		110ED4C12869DC6F001A2F51 /* Frameworks */ = {
			isa = PBXFrameworksBuildPhase;
			buildActionMask = 2147483647;
			files = (
				110CCB2D2869EAAF00183F99 /* CriteoPublisherSdk.xcframework in Frameworks */,
				110CCB2F2869EAAF00183F99 /* GoogleMobileAds.xcframework in Frameworks */,
				110CCB262869EA7800183F99 /* PrebidMobile.xcframework in Frameworks */,
				110CCB282869EA7800183F99 /* YieldloveExternalConfiguration.xcframework in Frameworks */,
				110CCB222869EA7800183F99 /* PromiseKit.xcframework in Frameworks */,
				110CCB242869EA7800183F99 /* YieldloveAdIntegration.xcframework in Frameworks */,
			);
			runOnlyForDeploymentPostprocessing = 0;
		};
/* End PBXFrameworksBuildPhase section */

/* Begin PBXGroup section */
		110CCB1D2869EA7800183F99 /* Frameworks */ = {
			isa = PBXGroup;
			children = (
				110CCB2B2869EAAF00183F99 /* CriteoPublisherSdk.xcframework */,
				110CCB2C2869EAAF00183F99 /* GoogleMobileAds.xcframework */,
				110CCB202869EA7800183F99 /* PrebidMobile.xcframework */,
				110CCB1E2869EA7800183F99 /* PromiseKit.xcframework */,
				110CCB1F2869EA7800183F99 /* YieldloveAdIntegration.xcframework */,
				110CCB212869EA7800183F99 /* YieldloveExternalConfiguration.xcframework */,
			);
			name = Frameworks;
			sourceTree = "<group>";
		};
		110ED4BB2869DC6F001A2F51 = {
			isa = PBXGroup;
			children = (
				110ED4C62869DC6F001A2F51 /* IntegrationExample */,
				110ED4C52869DC6F001A2F51 /* Products */,
				110CCB1D2869EA7800183F99 /* Frameworks */,
			);
			sourceTree = "<group>";
		};
		110ED4C52869DC6F001A2F51 /* Products */ = {
			isa = PBXGroup;
			children = (
				110ED4C42869DC6F001A2F51 /* IntegrationExample.app */,
			);
			name = Products;
			sourceTree = "<group>";
		};
		110ED4C62869DC6F001A2F51 /* IntegrationExample */ = {
			isa = PBXGroup;
			children = (
				110ED4C72869DC6F001A2F51 /* AppDelegate.swift */,
				110ED4C92869DC6F001A2F51 /* SceneDelegate.swift */,
				110ED4CB2869DC6F001A2F51 /* ViewController.swift */,
				110ED4CD2869DC6F001A2F51 /* Main.storyboard */,
				110ED4D22869DC71001A2F51 /* LaunchScreen.storyboard */,
				110ED4D52869DC71001A2F51 /* Info.plist */,
			);
			path = IntegrationExample;
			sourceTree = "<group>";
		};
/* End PBXGroup section */

/* Begin PBXNativeTarget section */
		110ED4C32869DC6F001A2F51 /* IntegrationExample */ = {
			isa = PBXNativeTarget;
			buildConfigurationList = 110ED4D82869DC71001A2F51 /* Build configuration list for PBXNativeTarget "IntegrationExample" */;
			buildPhases = (
				110ED4C02869DC6F001A2F51 /* Sources */,
				110ED4C12869DC6F001A2F51 /* Frameworks */,
				110ED4C22869DC6F001A2F51 /* Resources */,
				110CCB2A2869EA7800183F99 /* Embed Frameworks */,
			);
			buildRules = (
			);
			dependencies = (
			);
			name = IntegrationExample;
			productName = IntegrationExample;
			productReference = 110ED4C42869DC6F001A2F51 /* IntegrationExample.app */;
			productType = "com.apple.product-type.application";
		};
/* End PBXNativeTarget section */

/* Begin PBXProject section */
		110ED4BC2869DC6F001A2F51 /* Project object */ = {
			isa = PBXProject;
			attributes = {
				BuildIndependentTargetsInParallel = 1;
				LastSwiftUpdateCheck = 1340;
				LastUpgradeCheck = 1340;
				TargetAttributes = {
					110ED4C32869DC6F001A2F51 = {
						CreatedOnToolsVersion = 13.4.1;
					};
				};
			};
			buildConfigurationList = 110ED4BF2869DC6F001A2F51 /* Build configuration list for PBXProject "IntegrationExample" */;
			compatibilityVersion = "Xcode 13.0";
			developmentRegion = en;
			hasScannedForEncodings = 0;
			knownRegions = (
				en,
				Base,
			);
			mainGroup = 110ED4BB2869DC6F001A2F51;
			productRefGroup = 110ED4C52869DC6F001A2F51 /* Products */;
			projectDirPath = "";
			projectRoot = "";
			targets = (
				110ED4C32869DC6F001A2F51 /* IntegrationExample */,
			);
		};
/* End PBXProject section */

/* Begin PBXResourcesBuildPhase section */
		110ED4C22869DC6F001A2F51 /* Resources */ = {
			isa = PBXResourcesBuildPhase;
			buildActionMask = 2147483647;
			files = (
				110ED4D42869DC71001A2F51 /* LaunchScreen.storyboard in Resources */,
				110ED4CF2869DC6F001A2F51 /* Main.storyboard in Resources */,
			);
			runOnlyForDeploymentPostprocessing = 0;
		};
/* End PBXResourcesBuildPhase section */

/* Begin PBXSourcesBuildPhase section */
		110ED4C02869DC6F001A2F51 /* Sources */ = {
			isa = PBXSourcesBuildPhase;
			buildActionMask = 2147483647;
			files = (
				110ED4CC2869DC6F001A2F51 /* ViewController.swift in Sources */,
				110ED4C82869DC6F001A2F51 /* AppDelegate.swift in Sources */,
				110ED4CA2869DC6F001A2F51 /* SceneDelegate.swift in Sources */,
			);
			runOnlyForDeploymentPostprocessing = 0;
		};
/* End PBXSourcesBuildPhase section */

/* Begin PBXVariantGroup section */
		110ED4CD2869DC6F001A2F51 /* Main.storyboard */ = {
			isa = PBXVariantGroup;
			children = (
				110ED4CE2869DC6F001A2F51 /* Base */,
			);
			name = Main.storyboard;
			sourceTree = "<group>";
		};
		110ED4D22869DC71001A2F51 /* LaunchScreen.storyboard */ = {
			isa = PBXVariantGroup;
			children = (
				110ED4D32869DC71001A2F51 /* Base */,
			);
			name = LaunchScreen.storyboard;
			sourceTree = "<group>";
		};
/* End PBXVariantGroup section */

/* Begin XCBuildConfiguration section */
		110ED4D62869DC71001A2F51 /* Debug */ = {
			isa = XCBuildConfiguration;
			buildSettings = {
				ALWAYS_SEARCH_USER_PATHS = NO;
				CLANG_ANALYZER_NONNULL = YES;
				CLANG_ANALYZER_NUMBER_OBJECT_CONVERSION = YES_AGGRESSIVE;
				CLANG_CXX_LANGUAGE_STANDARD = "gnu++17";
				CLANG_ENABLE_MODULES = YES;
				CLANG_ENABLE_OBJC_ARC = YES;
				CLANG_ENABLE_OBJC_WEAK = YES;
				CLANG_WARN_BLOCK_CAPTURE_AUTORELEASING = YES;
				CLANG_WARN_BOOL_CONVERSION = YES;
				CLANG_WARN_COMMA = YES;
				CLANG_WARN_CONSTANT_CONVERSION = YES;
				CLANG_WARN_DEPRECATED_OBJC_IMPLEMENTATIONS = YES;
				CLANG_WARN_DIRECT_OBJC_ISA_USAGE = YES_ERROR;
				CLANG_WARN_DOCUMENTATION_COMMENTS = YES;
				CLANG_WARN_EMPTY_BODY = YES;
				CLANG_WARN_ENUM_CONVERSION = YES;
				CLANG_WARN_INFINITE_RECURSION = YES;
				CLANG_WARN_INT_CONVERSION = YES;
				CLANG_WARN_NON_LITERAL_NULL_CONVERSION = YES;
				CLANG_WARN_OBJC_IMPLICIT_RETAIN_SELF = YES;
				CLANG_WARN_OBJC_LITERAL_CONVERSION = YES;
				CLANG_WARN_OBJC_ROOT_CLASS = YES_ERROR;
				CLANG_WARN_QUOTED_INCLUDE_IN_FRAMEWORK_HEADER = YES;
				CLANG_WARN_RANGE_LOOP_ANALYSIS = YES;
				CLANG_WARN_STRICT_PROTOTYPES = YES;
				CLANG_WARN_SUSPICIOUS_MOVE = YES;
				CLANG_WARN_UNGUARDED_AVAILABILITY = YES_AGGRESSIVE;
				CLANG_WARN_UNREACHABLE_CODE = YES;
				CLANG_WARN__DUPLICATE_METHOD_MATCH = YES;
				COPY_PHASE_STRIP = NO;
				DEBUG_INFORMATION_FORMAT = dwarf;
				ENABLE_STRICT_OBJC_MSGSEND = YES;
				ENABLE_TESTABILITY = YES;
				GCC_C_LANGUAGE_STANDARD = gnu11;
				GCC_DYNAMIC_NO_PIC = NO;
				GCC_NO_COMMON_BLOCKS = YES;
				GCC_OPTIMIZATION_LEVEL = 0;
				GCC_PREPROCESSOR_DEFINITIONS = (
					"DEBUG=1",
					"$(inherited)",
				);
				GCC_WARN_64_TO_32_BIT_CONVERSION = YES;
				GCC_WARN_ABOUT_RETURN_TYPE = YES_ERROR;
				GCC_WARN_UNDECLARED_SELECTOR = YES;
				GCC_WARN_UNINITIALIZED_AUTOS = YES_AGGRESSIVE;
				GCC_WARN_UNUSED_FUNCTION = YES;
				GCC_WARN_UNUSED_VARIABLE = YES;
				IPHONEOS_DEPLOYMENT_TARGET = 15.5;
				MTL_ENABLE_DEBUG_INFO = INCLUDE_SOURCE;
				MTL_FAST_MATH = YES;
				ONLY_ACTIVE_ARCH = YES;
				SDKROOT = iphoneos;
				SWIFT_ACTIVE_COMPILATION_CONDITIONS = DEBUG;
				SWIFT_OPTIMIZATION_LEVEL = "-Onone";
			};
			name = Debug;
		};
		110ED4D72869DC71001A2F51 /* Release */ = {
			isa = XCBuildConfiguration;
			buildSettings = {
				ALWAYS_SEARCH_USER_PATHS = NO;
				CLANG_ANALYZER_NONNULL = YES;
				CLANG_ANALYZER_NUMBER_OBJECT_CONVERSION = YES_AGGRESSIVE;
				CLANG_CXX_LANGUAGE_STANDARD = "gnu++17";
				CLANG_ENABLE_MODULES = YES;
				CLANG_ENABLE_OBJC_ARC = YES;
				CLANG_ENABLE_OBJC_WEAK = YES;
				CLANG_WARN_BLOCK_CAPTURE_AUTORELEASING = YES;
				CLANG_WARN_BOOL_CONVERSION = YES;
				CLANG_WARN_COMMA = YES;
				CLANG_WARN_CONSTANT_CONVERSION = YES;
				CLANG_WARN_DEPRECATED_OBJC_IMPLEMENTATIONS = YES;
				CLANG_WARN_DIRECT_OBJC_ISA_USAGE = YES_ERROR;
				CLANG_WARN_DOCUMENTATION_COMMENTS = YES;
				CLANG_WARN_EMPTY_BODY = YES;
				CLANG_WARN_ENUM_CONVERSION = YES;
				CLANG_WARN_INFINITE_RECURSION = YES;
				CLANG_WARN_INT_CONVERSION = YES;
				CLANG_WARN_NON_LITERAL_NULL_CONVERSION = YES;
				CLANG_WARN_OBJC_IMPLICIT_RETAIN_SELF = YES;
				CLANG_WARN_OBJC_LITERAL_CONVERSION = YES;
				CLANG_WARN_OBJC_ROOT_CLASS = YES_ERROR;
				CLANG_WARN_QUOTED_INCLUDE_IN_FRAMEWORK_HEADER = YES;
				CLANG_WARN_RANGE_LOOP_ANALYSIS = YES;
				CLANG_WARN_STRICT_PROTOTYPES = YES;
				CLANG_WARN_SUSPICIOUS_MOVE = YES;
				CLANG_WARN_UNGUARDED_AVAILABILITY = YES_AGGRESSIVE;
				CLANG_WARN_UNREACHABLE_CODE = YES;
				CLANG_WARN__DUPLICATE_METHOD_MATCH = YES;
				COPY_PHASE_STRIP = NO;
				DEBUG_INFORMATION_FORMAT = "dwarf-with-dsym";
				ENABLE_NS_ASSERTIONS = NO;
				ENABLE_STRICT_OBJC_MSGSEND = YES;
				GCC_C_LANGUAGE_STANDARD = gnu11;
				GCC_NO_COMMON_BLOCKS = YES;
				GCC_WARN_64_TO_32_BIT_CONVERSION = YES;
				GCC_WARN_ABOUT_RETURN_TYPE = YES_ERROR;
				GCC_WARN_UNDECLARED_SELECTOR = YES;
				GCC_WARN_UNINITIALIZED_AUTOS = YES_AGGRESSIVE;
				GCC_WARN_UNUSED_FUNCTION = YES;
				GCC_WARN_UNUSED_VARIABLE = YES;
				IPHONEOS_DEPLOYMENT_TARGET = 15.5;
				MTL_ENABLE_DEBUG_INFO = NO;
				MTL_FAST_MATH = YES;
				SDKROOT = iphoneos;
				SWIFT_COMPILATION_MODE = wholemodule;
				SWIFT_OPTIMIZATION_LEVEL = "-O";
				VALIDATE_PRODUCT = YES;
			};
			name = Release;
		};
		110ED4D92869DC71001A2F51 /* Debug */ = {
			isa = XCBuildConfiguration;
			buildSettings = {
				ASSETCATALOG_COMPILER_GLOBAL_ACCENT_COLOR_NAME = AccentColor;
				ASSETCATALOG_COMPILER_INCLUDE_ALL_APPICON_ASSETS = NO;
				CODE_SIGN_STYLE = Automatic;
				CURRENT_PROJECT_VERSION = 1;
				DEVELOPMENT_TEAM = S587T6HBTW;
				GENERATE_INFOPLIST_FILE = YES;
				INFOPLIST_FILE = IntegrationExample/Info.plist;
				INFOPLIST_KEY_UIApplicationSupportsIndirectInputEvents = YES;
				INFOPLIST_KEY_UILaunchStoryboardName = LaunchScreen;
				INFOPLIST_KEY_UIMainStoryboardFile = Main;
				INFOPLIST_KEY_UISupportedInterfaceOrientations_iPad = "UIInterfaceOrientationPortrait UIInterfaceOrientationPortraitUpsideDown UIInterfaceOrientationLandscapeLeft UIInterfaceOrientationLandscapeRight";
				INFOPLIST_KEY_UISupportedInterfaceOrientations_iPhone = "UIInterfaceOrientationPortrait UIInterfaceOrientationLandscapeLeft UIInterfaceOrientationLandscapeRight";
				IPHONEOS_DEPLOYMENT_TARGET = 14.0;
				LD_RUNPATH_SEARCH_PATHS = (
					"$(inherited)",
					"@executable_path/Frameworks",
				);
				MARKETING_VERSION = 1.0;
				PRODUCT_BUNDLE_IDENTIFIER = cz.slabs.IntegrationExample;
				PRODUCT_NAME = "$(TARGET_NAME)";
				SWIFT_EMIT_LOC_STRINGS = YES;
				SWIFT_VERSION = 5.0;
				TARGETED_DEVICE_FAMILY = 1;
			};
			name = Debug;
		};
		110ED4DA2869DC71001A2F51 /* Release */ = {
			isa = XCBuildConfiguration;
			buildSettings = {
				ASSETCATALOG_COMPILER_GLOBAL_ACCENT_COLOR_NAME = AccentColor;
				ASSETCATALOG_COMPILER_INCLUDE_ALL_APPICON_ASSETS = NO;
				CODE_SIGN_STYLE = Automatic;
				CURRENT_PROJECT_VERSION = 1;
				DEVELOPMENT_TEAM = S587T6HBTW;
				GENERATE_INFOPLIST_FILE = YES;
				INFOPLIST_FILE = IntegrationExample/Info.plist;
				INFOPLIST_KEY_UIApplicationSupportsIndirectInputEvents = YES;
				INFOPLIST_KEY_UILaunchStoryboardName = LaunchScreen;
				INFOPLIST_KEY_UIMainStoryboardFile = Main;
				INFOPLIST_KEY_UISupportedInterfaceOrientations_iPad = "UIInterfaceOrientationPortrait UIInterfaceOrientationPortraitUpsideDown UIInterfaceOrientationLandscapeLeft UIInterfaceOrientationLandscapeRight";
				INFOPLIST_KEY_UISupportedInterfaceOrientations_iPhone = "UIInterfaceOrientationPortrait UIInterfaceOrientationLandscapeLeft UIInterfaceOrientationLandscapeRight";
				IPHONEOS_DEPLOYMENT_TARGET = 14.0;
				LD_RUNPATH_SEARCH_PATHS = (
					"$(inherited)",
					"@executable_path/Frameworks",
				);
				MARKETING_VERSION = 1.0;
				PRODUCT_BUNDLE_IDENTIFIER = cz.slabs.IntegrationExample;
				PRODUCT_NAME = "$(TARGET_NAME)";
				SWIFT_EMIT_LOC_STRINGS = YES;
				SWIFT_VERSION = 5.0;
				TARGETED_DEVICE_FAMILY = 1;
			};
			name = Release;
		};
/* End XCBuildConfiguration section */

/* Begin XCConfigurationList section */
		110ED4BF2869DC6F001A2F51 /* Build configuration list for PBXProject "IntegrationExample" */ = {
			isa = XCConfigurationList;
			buildConfigurations = (
				110ED4D62869DC71001A2F51 /* Debug */,
				110ED4D72869DC71001A2F51 /* Release */,
			);
			defaultConfigurationIsVisible = 0;
			defaultConfigurationName = Release;
		};
		110ED4D82869DC71001A2F51 /* Build configuration list for PBXNativeTarget "IntegrationExample" */ = {
			isa = XCConfigurationList;
			buildConfigurations = (
				110ED4D92869DC71001A2F51 /* Debug */,
				110ED4DA2869DC71001A2F51 /* Release */,
			);
			defaultConfigurationIsVisible = 0;
			defaultConfigurationName = Release;
		};
/* End XCConfigurationList section */
	};
	rootObject = 110ED4BC2869DC6F001A2F51 /* Project object */;
}
